
Microsoft Visual Studio Solution File, Format Version 12.00
# Visual Studio Version 17
VisualStudioVersion = 17.3.32825.248
MinimumVisualStudioVersion = 10.0.40219.1
Project("{FAE04EC0-301F-11D3-BF4B-00C04F79EFBC}") = "Kodowanie Arytmetyczne", "Kodowanie Arytmetyczne.csproj", "{1949F2EF-0293-4356-838E-8E5159E97427}"
EndProject
Global
	GlobalSection(SolutionConfigurationPlatforms) = preSolution
		Debug|Any CPU = Debug|Any CPU
		Release|Any CPU = Release|Any CPU
	EndGlobalSection
	GlobalSection(ProjectConfigurationPlatforms) = postSolution
		{1949F2EF-0293-4356-838E-8E5159E97427}.Debug|Any CPU.ActiveCfg = Debug|Any CPU
		{1949F2EF-0293-4356-838E-8E5159E97427}.Debug|Any CPU.Build.0 = Debug|Any CPU
		{1949F2EF-0293-4356-838E-8E5159E97427}.Release|Any CPU.ActiveCfg = Release|Any CPU
		{1949F2EF-0293-4356-838E-8E5159E97427}.Release|Any CPU.Build.0 = Release|Any CPU
	EndGlobalSection
	GlobalSection(SolutionProperties) = preSolution
		HideSolutionNode = FALSE
	EndGlobalSection
	GlobalSection(ExtensibilityGlobals) = postSolution
		SolutionGuid = {11CA7E15-99D8-4E29-894D-B01BAC844E1B}
	EndGlobalSection
EndGlobal
