
Microsoft Visual Studio Solution File, Format Version 12.00
# Visual Studio Version 17
VisualStudioVersion = 17.3.32825.248
MinimumVisualStudioVersion = 10.0.40219.1
Project("{FAE04EC0-301F-11D3-BF4B-00C04F79EFBC}") = "HuffmanCoding", "HuffmanCoding.csproj", "{BE6A754A-2DB2-4A59-86BA-F5A27FC6D412}"
EndProject
Global
	GlobalSection(SolutionConfigurationPlatforms) = preSolution
		Debug|Any CPU = Debug|Any CPU
		Release|Any CPU = Release|Any CPU
	EndGlobalSection
	GlobalSection(ProjectConfigurationPlatforms) = postSolution
		{BE6A754A-2DB2-4A59-86BA-F5A27FC6D412}.Debug|Any CPU.ActiveCfg = Debug|Any CPU
		{BE6A754A-2DB2-4A59-86BA-F5A27FC6D412}.Debug|Any CPU.Build.0 = Debug|Any CPU
		{BE6A754A-2DB2-4A59-86BA-F5A27FC6D412}.Release|Any CPU.ActiveCfg = Release|Any CPU
		{BE6A754A-2DB2-4A59-86BA-F5A27FC6D412}.Release|Any CPU.Build.0 = Release|Any CPU
	EndGlobalSection
	GlobalSection(SolutionProperties) = preSolution
		HideSolutionNode = FALSE
	EndGlobalSection
	GlobalSection(ExtensibilityGlobals) = postSolution
		SolutionGuid = {E2D1ADF3-45DF-41FC-99F0-90B22CA3BCD8}
	EndGlobalSection
EndGlobal
